// !$*UTF8*$!
{
	archiveVersion = 1;
	classes = {
	};
	objectVersion = 56;
	objects = {

/* Begin PBXBuildFile section */
		EC03C0D629C5BA370037D277 /* NewsListViewModelTest.swift in Sources */ = {isa = PBXBuildFile; fileRef = EC03C0D529C5BA370037D277 /* NewsListViewModelTest.swift */; };
		EC03C0D829C5BA730037D277 /* NewsListUseCaseMock.swift in Sources */ = {isa = PBXBuildFile; fileRef = EC03C0D729C5BA730037D277 /* NewsListUseCaseMock.swift */; };
		EC03C0DA29C5C1A00037D277 /* Alertable.swift in Sources */ = {isa = PBXBuildFile; fileRef = EC03C0D929C5C19F0037D277 /* Alertable.swift */; };
		EC54656129C26D8E006934E9 /* AppDelegate.swift in Sources */ = {isa = PBXBuildFile; fileRef = EC54656029C26D8E006934E9 /* AppDelegate.swift */; };
		EC54656A29C26D90006934E9 /* Assets.xcassets in Resources */ = {isa = PBXBuildFile; fileRef = EC54656929C26D90006934E9 /* Assets.xcassets */; };
		EC54656D29C26D90006934E9 /* LaunchScreen.storyboard in Resources */ = {isa = PBXBuildFile; fileRef = EC54656B29C26D90006934E9 /* LaunchScreen.storyboard */; };
		EC54657829C26D90006934E9 /* NewsAppTests.swift in Sources */ = {isa = PBXBuildFile; fileRef = EC54657729C26D90006934E9 /* NewsAppTests.swift */; };
		EC54658229C26D90006934E9 /* NewsAppUITests.swift in Sources */ = {isa = PBXBuildFile; fileRef = EC54658129C26D90006934E9 /* NewsAppUITests.swift */; };
		EC54658429C26D90006934E9 /* NewsAppUITestsLaunchTests.swift in Sources */ = {isa = PBXBuildFile; fileRef = EC54658329C26D90006934E9 /* NewsAppUITestsLaunchTests.swift */; };
		EC5465A129C2708C006934E9 /* AppConfiguration.swift in Sources */ = {isa = PBXBuildFile; fileRef = EC5465A029C2708C006934E9 /* AppConfiguration.swift */; };
		EC5465B129C27549006934E9 /* NewsListViewModel.swift in Sources */ = {isa = PBXBuildFile; fileRef = EC5465B029C27549006934E9 /* NewsListViewModel.swift */; };
		EC5465B329C2758E006934E9 /* NewsListViewController.swift in Sources */ = {isa = PBXBuildFile; fileRef = EC5465B229C2758E006934E9 /* NewsListViewController.swift */; };
		EC5465B529C27671006934E9 /* NewsListUseCase.swift in Sources */ = {isa = PBXBuildFile; fileRef = EC5465B429C27671006934E9 /* NewsListUseCase.swift */; };
		EC5465BD29C27849006934E9 /* RepositoryNetwork.swift in Sources */ = {isa = PBXBuildFile; fileRef = EC5465B829C27848006934E9 /* RepositoryNetwork.swift */; };
		EC5465BE29C27849006934E9 /* RepositoryAPI.swift in Sources */ = {isa = PBXBuildFile; fileRef = EC5465B929C27848006934E9 /* RepositoryAPI.swift */; };
		EC5465BF29C27849006934E9 /* TargetType.swift in Sources */ = {isa = PBXBuildFile; fileRef = EC5465BB29C27849006934E9 /* TargetType.swift */; };
		EC5465C029C27849006934E9 /* BaseApi.swift in Sources */ = {isa = PBXBuildFile; fileRef = EC5465BC29C27849006934E9 /* BaseApi.swift */; };
		EC5465C329C278BB006934E9 /* Alamofire in Frameworks */ = {isa = PBXBuildFile; productRef = EC5465C229C278BB006934E9 /* Alamofire */; };
		EC5465C629C279AC006934E9 /* NewsListProtocols.swift in Sources */ = {isa = PBXBuildFile; fileRef = EC5465C529C279AC006934E9 /* NewsListProtocols.swift */; };
		EC5465C829C27A5D006934E9 /* Coordinator.swift in Sources */ = {isa = PBXBuildFile; fileRef = EC5465C729C27A5D006934E9 /* Coordinator.swift */; };
		EC5465CB29C27A9B006934E9 /* CoordinatorProtocol.swift in Sources */ = {isa = PBXBuildFile; fileRef = EC5465CA29C27A9B006934E9 /* CoordinatorProtocol.swift */; };
		EC629D1B29C3813000C35C62 /* NewListTableViewCell.swift in Sources */ = {isa = PBXBuildFile; fileRef = EC629D1A29C3813000C35C62 /* NewListTableViewCell.swift */; };
		EC629D1F29C3826F00C35C62 /* NewsModel.swift in Sources */ = {isa = PBXBuildFile; fileRef = EC629D1E29C3826F00C35C62 /* NewsModel.swift */; };
		EC629D2229C3C41000C35C62 /* Nuke in Frameworks */ = {isa = PBXBuildFile; productRef = EC629D2129C3C41000C35C62 /* Nuke */; };
		EC629D2629C3C46900C35C62 /* UIImageView+Extension.swift in Sources */ = {isa = PBXBuildFile; fileRef = EC629D2529C3C46900C35C62 /* UIImageView+Extension.swift */; };
		EC629D2929C3E77A00C35C62 /* NewDetailViewController.swift in Sources */ = {isa = PBXBuildFile; fileRef = EC629D2829C3E77A00C35C62 /* NewDetailViewController.swift */; };
		EC629D2B29C3E86100C35C62 /* NewDetailViewModel.swift in Sources */ = {isa = PBXBuildFile; fileRef = EC629D2A29C3E86100C35C62 /* NewDetailViewModel.swift */; };
		EC629D2E29C3ECA500C35C62 /* NewDetailProtocols.swift in Sources */ = {isa = PBXBuildFile; fileRef = EC629D2D29C3ECA500C35C62 /* NewDetailProtocols.swift */; };
		EC629D3029C4022C00C35C62 /* UIViewController+Extension.swift in Sources */ = {isa = PBXBuildFile; fileRef = EC629D2F29C4022C00C35C62 /* UIViewController+Extension.swift */; };
		EC629D3329C53AAE00C35C62 /* LoadingView.swift in Sources */ = {isa = PBXBuildFile; fileRef = EC629D3229C53AAE00C35C62 /* LoadingView.swift */; };
/* End PBXBuildFile section */

/* Begin PBXContainerItemProxy section */
		EC54657429C26D90006934E9 /* PBXContainerItemProxy */ = {
			isa = PBXContainerItemProxy;
			containerPortal = EC54655529C26D8E006934E9 /* Project object */;
			proxyType = 1;
			remoteGlobalIDString = EC54655C29C26D8E006934E9;
			remoteInfo = NewsApp;
		};
		EC54657E29C26D90006934E9 /* PBXContainerItemProxy */ = {
			isa = PBXContainerItemProxy;
			containerPortal = EC54655529C26D8E006934E9 /* Project object */;
			proxyType = 1;
			remoteGlobalIDString = EC54655C29C26D8E006934E9;
			remoteInfo = NewsApp;
		};
/* End PBXContainerItemProxy section */

/* Begin PBXFileReference section */
		EC03C0D529C5BA370037D277 /* NewsListViewModelTest.swift */ = {isa = PBXFileReference; lastKnownFileType = sourcecode.swift; path = NewsListViewModelTest.swift; sourceTree = "<group>"; };
		EC03C0D729C5BA730037D277 /* NewsListUseCaseMock.swift */ = {isa = PBXFileReference; lastKnownFileType = sourcecode.swift; path = NewsListUseCaseMock.swift; sourceTree = "<group>"; };
		EC03C0D929C5C19F0037D277 /* Alertable.swift */ = {isa = PBXFileReference; lastKnownFileType = sourcecode.swift; path = Alertable.swift; sourceTree = "<group>"; };
		EC54655D29C26D8E006934E9 /* NewsApp.app */ = {isa = PBXFileReference; explicitFileType = wrapper.application; includeInIndex = 0; path = NewsApp.app; sourceTree = BUILT_PRODUCTS_DIR; };
		EC54656029C26D8E006934E9 /* AppDelegate.swift */ = {isa = PBXFileReference; lastKnownFileType = sourcecode.swift; path = AppDelegate.swift; sourceTree = "<group>"; };
		EC54656929C26D90006934E9 /* Assets.xcassets */ = {isa = PBXFileReference; lastKnownFileType = folder.assetcatalog; path = Assets.xcassets; sourceTree = "<group>"; };
		EC54656C29C26D90006934E9 /* Base */ = {isa = PBXFileReference; lastKnownFileType = file.storyboard; name = Base; path = Base.lproj/LaunchScreen.storyboard; sourceTree = "<group>"; };
		EC54656E29C26D90006934E9 /* Info.plist */ = {isa = PBXFileReference; lastKnownFileType = text.plist.xml; path = Info.plist; sourceTree = "<group>"; };
		EC54657329C26D90006934E9 /* NewsAppTests.xctest */ = {isa = PBXFileReference; explicitFileType = wrapper.cfbundle; includeInIndex = 0; path = NewsAppTests.xctest; sourceTree = BUILT_PRODUCTS_DIR; };
		EC54657729C26D90006934E9 /* NewsAppTests.swift */ = {isa = PBXFileReference; lastKnownFileType = sourcecode.swift; path = NewsAppTests.swift; sourceTree = "<group>"; };
		EC54657D29C26D90006934E9 /* NewsAppUITests.xctest */ = {isa = PBXFileReference; explicitFileType = wrapper.cfbundle; includeInIndex = 0; path = NewsAppUITests.xctest; sourceTree = BUILT_PRODUCTS_DIR; };
		EC54658129C26D90006934E9 /* NewsAppUITests.swift */ = {isa = PBXFileReference; lastKnownFileType = sourcecode.swift; path = NewsAppUITests.swift; sourceTree = "<group>"; };
		EC54658329C26D90006934E9 /* NewsAppUITestsLaunchTests.swift */ = {isa = PBXFileReference; lastKnownFileType = sourcecode.swift; path = NewsAppUITestsLaunchTests.swift; sourceTree = "<group>"; };
		EC5465A029C2708C006934E9 /* AppConfiguration.swift */ = {isa = PBXFileReference; lastKnownFileType = sourcecode.swift; path = AppConfiguration.swift; sourceTree = "<group>"; };
		EC5465B029C27549006934E9 /* NewsListViewModel.swift */ = {isa = PBXFileReference; lastKnownFileType = sourcecode.swift; path = NewsListViewModel.swift; sourceTree = "<group>"; };
		EC5465B229C2758E006934E9 /* NewsListViewController.swift */ = {isa = PBXFileReference; lastKnownFileType = sourcecode.swift; path = NewsListViewController.swift; sourceTree = "<group>"; };
		EC5465B429C27671006934E9 /* NewsListUseCase.swift */ = {isa = PBXFileReference; lastKnownFileType = sourcecode.swift; path = NewsListUseCase.swift; sourceTree = "<group>"; };
		EC5465B829C27848006934E9 /* RepositoryNetwork.swift */ = {isa = PBXFileReference; fileEncoding = 4; lastKnownFileType = sourcecode.swift; path = RepositoryNetwork.swift; sourceTree = "<group>"; };
		EC5465B929C27848006934E9 /* RepositoryAPI.swift */ = {isa = PBXFileReference; fileEncoding = 4; lastKnownFileType = sourcecode.swift; path = RepositoryAPI.swift; sourceTree = "<group>"; };
		EC5465BB29C27849006934E9 /* TargetType.swift */ = {isa = PBXFileReference; fileEncoding = 4; lastKnownFileType = sourcecode.swift; path = TargetType.swift; sourceTree = "<group>"; };
		EC5465BC29C27849006934E9 /* BaseApi.swift */ = {isa = PBXFileReference; fileEncoding = 4; lastKnownFileType = sourcecode.swift; path = BaseApi.swift; sourceTree = "<group>"; };
		EC5465C529C279AC006934E9 /* NewsListProtocols.swift */ = {isa = PBXFileReference; lastKnownFileType = sourcecode.swift; path = NewsListProtocols.swift; sourceTree = "<group>"; };
		EC5465C729C27A5D006934E9 /* Coordinator.swift */ = {isa = PBXFileReference; lastKnownFileType = sourcecode.swift; path = Coordinator.swift; sourceTree = "<group>"; };
		EC5465CA29C27A9B006934E9 /* CoordinatorProtocol.swift */ = {isa = PBXFileReference; lastKnownFileType = sourcecode.swift; path = CoordinatorProtocol.swift; sourceTree = "<group>"; };
		EC629D1A29C3813000C35C62 /* NewListTableViewCell.swift */ = {isa = PBXFileReference; lastKnownFileType = sourcecode.swift; path = NewListTableViewCell.swift; sourceTree = "<group>"; };
		EC629D1E29C3826F00C35C62 /* NewsModel.swift */ = {isa = PBXFileReference; lastKnownFileType = sourcecode.swift; path = NewsModel.swift; sourceTree = "<group>"; };
		EC629D2529C3C46900C35C62 /* UIImageView+Extension.swift */ = {isa = PBXFileReference; lastKnownFileType = sourcecode.swift; path = "UIImageView+Extension.swift"; sourceTree = "<group>"; };
		EC629D2829C3E77A00C35C62 /* NewDetailViewController.swift */ = {isa = PBXFileReference; lastKnownFileType = sourcecode.swift; path = NewDetailViewController.swift; sourceTree = "<group>"; };
		EC629D2A29C3E86100C35C62 /* NewDetailViewModel.swift */ = {isa = PBXFileReference; lastKnownFileType = sourcecode.swift; path = NewDetailViewModel.swift; sourceTree = "<group>"; };
		EC629D2D29C3ECA500C35C62 /* NewDetailProtocols.swift */ = {isa = PBXFileReference; lastKnownFileType = sourcecode.swift; path = NewDetailProtocols.swift; sourceTree = "<group>"; };
		EC629D2F29C4022C00C35C62 /* UIViewController+Extension.swift */ = {isa = PBXFileReference; lastKnownFileType = sourcecode.swift; path = "UIViewController+Extension.swift"; sourceTree = "<group>"; };
		EC629D3229C53AAE00C35C62 /* LoadingView.swift */ = {isa = PBXFileReference; lastKnownFileType = sourcecode.swift; path = LoadingView.swift; sourceTree = "<group>"; };
/* End PBXFileReference section */

/* Begin PBXFrameworksBuildPhase section */
		EC54655A29C26D8E006934E9 /* Frameworks */ = {
			isa = PBXFrameworksBuildPhase;
			buildActionMask = 2147483647;
			files = (
				EC5465C329C278BB006934E9 /* Alamofire in Frameworks */,
				EC629D2229C3C41000C35C62 /* Nuke in Frameworks */,
			);
			runOnlyForDeploymentPostprocessing = 0;
		};
		EC54657029C26D90006934E9 /* Frameworks */ = {
			isa = PBXFrameworksBuildPhase;
			buildActionMask = 2147483647;
			files = (
			);
			runOnlyForDeploymentPostprocessing = 0;
		};
		EC54657A29C26D90006934E9 /* Frameworks */ = {
			isa = PBXFrameworksBuildPhase;
			buildActionMask = 2147483647;
			files = (
			);
			runOnlyForDeploymentPostprocessing = 0;
		};
/* End PBXFrameworksBuildPhase section */

/* Begin PBXGroup section */
		EC03C0D429C5B92C0037D277 /* Mock */ = {
			isa = PBXGroup;
			children = (
				EC03C0D729C5BA730037D277 /* NewsListUseCaseMock.swift */,
			);
			path = Mock;
			sourceTree = "<group>";
		};
		EC54655429C26D8E006934E9 = {
			isa = PBXGroup;
			children = (
				EC54655F29C26D8E006934E9 /* NewsApp */,
				EC54657629C26D90006934E9 /* NewsAppTests */,
				EC54658029C26D90006934E9 /* NewsAppUITests */,
				EC54655E29C26D8E006934E9 /* Products */,
			);
			sourceTree = "<group>";
		};
		EC54655E29C26D8E006934E9 /* Products */ = {
			isa = PBXGroup;
			children = (
				EC54655D29C26D8E006934E9 /* NewsApp.app */,
				EC54657329C26D90006934E9 /* NewsAppTests.xctest */,
				EC54657D29C26D90006934E9 /* NewsAppUITests.xctest */,
			);
			name = Products;
			sourceTree = "<group>";
		};
		EC54655F29C26D8E006934E9 /* NewsApp */ = {
			isa = PBXGroup;
			children = (
				EC629D2329C3C44200C35C62 /* Common */,
				EC5465B629C27848006934E9 /* Network */,
				EC5465A429C27249006934E9 /* Presentation */,
				EC54659A29C26F6A006934E9 /* Aplication */,
			);
			path = NewsApp;
			sourceTree = "<group>";
		};
		EC54657629C26D90006934E9 /* NewsAppTests */ = {
			isa = PBXGroup;
			children = (
				EC03C0D429C5B92C0037D277 /* Mock */,
				EC54657729C26D90006934E9 /* NewsAppTests.swift */,
				EC03C0D529C5BA370037D277 /* NewsListViewModelTest.swift */,
			);
			path = NewsAppTests;
			sourceTree = "<group>";
		};
		EC54658029C26D90006934E9 /* NewsAppUITests */ = {
			isa = PBXGroup;
			children = (
				EC54658129C26D90006934E9 /* NewsAppUITests.swift */,
				EC54658329C26D90006934E9 /* NewsAppUITestsLaunchTests.swift */,
			);
			path = NewsAppUITests;
			sourceTree = "<group>";
		};
		EC54659A29C26F6A006934E9 /* Aplication */ = {
			isa = PBXGroup;
			children = (
				EC5465C929C27A85006934E9 /* Coordinator */,
				EC54656029C26D8E006934E9 /* AppDelegate.swift */,
				EC5465A029C2708C006934E9 /* AppConfiguration.swift */,
			);
			path = Aplication;
			sourceTree = "<group>";
		};
		EC5465A429C27249006934E9 /* Presentation */ = {
			isa = PBXGroup;
			children = (
				EC5465A529C2726E006934E9 /* NewsScene */,
			);
			path = Presentation;
			sourceTree = "<group>";
		};
		EC5465A529C2726E006934E9 /* NewsScene */ = {
			isa = PBXGroup;
			children = (
				EC5465A729C272AE006934E9 /* NewDetail */,
				EC5465A629C272A6006934E9 /* NewsList */,
			);
			path = NewsScene;
			sourceTree = "<group>";
		};
		EC5465A629C272A6006934E9 /* NewsList */ = {
			isa = PBXGroup;
			children = (
				EC629D1D29C3822200C35C62 /* Model */,
				EC5465C429C27981006934E9 /* Protocols */,
				EC5465AE29C274B0006934E9 /* UI */,
				EC5465AC29C274B0006934E9 /* UseCase */,
				EC5465AF29C274B0006934E9 /* ViewModel */,
			);
			path = NewsList;
			sourceTree = "<group>";
		};
		EC5465A729C272AE006934E9 /* NewDetail */ = {
			isa = PBXGroup;
			children = (
				EC629D2C29C3EC7400C35C62 /* Protocols */,
				EC5465A929C27453006934E9 /* ViewModel */,
				EC5465A829C2744E006934E9 /* UI */,
			);
			path = NewDetail;
			sourceTree = "<group>";
		};
		EC5465A829C2744E006934E9 /* UI */ = {
			isa = PBXGroup;
			children = (
				EC629D2829C3E77A00C35C62 /* NewDetailViewController.swift */,
			);
			path = UI;
			sourceTree = "<group>";
		};
		EC5465A929C27453006934E9 /* ViewModel */ = {
			isa = PBXGroup;
			children = (
				EC629D2A29C3E86100C35C62 /* NewDetailViewModel.swift */,
			);
			path = ViewModel;
			sourceTree = "<group>";
		};
		EC5465AC29C274B0006934E9 /* UseCase */ = {
			isa = PBXGroup;
			children = (
				EC5465B429C27671006934E9 /* NewsListUseCase.swift */,
			);
			path = UseCase;
			sourceTree = "<group>";
		};
		EC5465AE29C274B0006934E9 /* UI */ = {
			isa = PBXGroup;
			children = (
				EC5465B229C2758E006934E9 /* NewsListViewController.swift */,
				EC629D1A29C3813000C35C62 /* NewListTableViewCell.swift */,
			);
			path = UI;
			sourceTree = "<group>";
		};
		EC5465AF29C274B0006934E9 /* ViewModel */ = {
			isa = PBXGroup;
			children = (
				EC5465B029C27549006934E9 /* NewsListViewModel.swift */,
			);
			path = ViewModel;
			sourceTree = "<group>";
		};
		EC5465B629C27848006934E9 /* Network */ = {
			isa = PBXGroup;
			children = (
				EC5465B729C27848006934E9 /* Repository */,
				EC5465BA29C27848006934E9 /* Base Network */,
			);
			path = Network;
			sourceTree = "<group>";
		};
		EC5465B729C27848006934E9 /* Repository */ = {
			isa = PBXGroup;
			children = (
				EC5465B829C27848006934E9 /* RepositoryNetwork.swift */,
				EC5465B929C27848006934E9 /* RepositoryAPI.swift */,
			);
			path = Repository;
			sourceTree = "<group>";
		};
		EC5465BA29C27848006934E9 /* Base Network */ = {
			isa = PBXGroup;
			children = (
				EC5465BB29C27849006934E9 /* TargetType.swift */,
				EC5465BC29C27849006934E9 /* BaseApi.swift */,
			);
			path = "Base Network";
			sourceTree = "<group>";
		};
		EC5465C429C27981006934E9 /* Protocols */ = {
			isa = PBXGroup;
			children = (
				EC5465C529C279AC006934E9 /* NewsListProtocols.swift */,
			);
			path = Protocols;
			sourceTree = "<group>";
		};
		EC5465C929C27A85006934E9 /* Coordinator */ = {
			isa = PBXGroup;
			children = (
				EC5465C729C27A5D006934E9 /* Coordinator.swift */,
				EC5465CA29C27A9B006934E9 /* CoordinatorProtocol.swift */,
			);
			path = Coordinator;
			sourceTree = "<group>";
		};
		EC629D1D29C3822200C35C62 /* Model */ = {
			isa = PBXGroup;
			children = (
				EC629D1E29C3826F00C35C62 /* NewsModel.swift */,
			);
			path = Model;
			sourceTree = "<group>";
		};
		EC629D2329C3C44200C35C62 /* Common */ = {
			isa = PBXGroup;
			children = (
				EC629D3129C53A9C00C35C62 /* Utils */,
				EC629D2429C3C45000C35C62 /* Extensions */,
				EC54656929C26D90006934E9 /* Assets.xcassets */,
				EC54656B29C26D90006934E9 /* LaunchScreen.storyboard */,
				EC54656E29C26D90006934E9 /* Info.plist */,
			);
			path = Common;
			sourceTree = "<group>";
		};
		EC629D2429C3C45000C35C62 /* Extensions */ = {
			isa = PBXGroup;
			children = (
				EC629D2529C3C46900C35C62 /* UIImageView+Extension.swift */,
				EC629D2F29C4022C00C35C62 /* UIViewController+Extension.swift */,
			);
			path = Extensions;
			sourceTree = "<group>";
		};
		EC629D2C29C3EC7400C35C62 /* Protocols */ = {
			isa = PBXGroup;
			children = (
				EC629D2D29C3ECA500C35C62 /* NewDetailProtocols.swift */,
			);
			path = Protocols;
			sourceTree = "<group>";
		};
		EC629D3129C53A9C00C35C62 /* Utils */ = {
			isa = PBXGroup;
			children = (
				EC629D3229C53AAE00C35C62 /* LoadingView.swift */,
				EC03C0D929C5C19F0037D277 /* Alertable.swift */,
			);
			path = Utils;
			sourceTree = "<group>";
		};
/* End PBXGroup section */

/* Begin PBXNativeTarget section */
		EC54655C29C26D8E006934E9 /* NewsApp */ = {
			isa = PBXNativeTarget;
			buildConfigurationList = EC54658729C26D90006934E9 /* Build configuration list for PBXNativeTarget "NewsApp" */;
			buildPhases = (
				EC54655929C26D8E006934E9 /* Sources */,
				EC54655A29C26D8E006934E9 /* Frameworks */,
				EC54655B29C26D8E006934E9 /* Resources */,
			);
			buildRules = (
			);
			dependencies = (
			);
			name = NewsApp;
			packageProductDependencies = (
				EC5465C229C278BB006934E9 /* Alamofire */,
				EC629D2129C3C41000C35C62 /* Nuke */,
			);
			productName = NewsApp;
			productReference = EC54655D29C26D8E006934E9 /* NewsApp.app */;
			productType = "com.apple.product-type.application";
		};
		EC54657229C26D90006934E9 /* NewsAppTests */ = {
			isa = PBXNativeTarget;
			buildConfigurationList = EC54658A29C26D90006934E9 /* Build configuration list for PBXNativeTarget "NewsAppTests" */;
			buildPhases = (
				EC54656F29C26D90006934E9 /* Sources */,
				EC54657029C26D90006934E9 /* Frameworks */,
				EC54657129C26D90006934E9 /* Resources */,
			);
			buildRules = (
			);
			dependencies = (
				EC54657529C26D90006934E9 /* PBXTargetDependency */,
			);
			name = NewsAppTests;
			productName = NewsAppTests;
			productReference = EC54657329C26D90006934E9 /* NewsAppTests.xctest */;
			productType = "com.apple.product-type.bundle.unit-test";
		};
		EC54657C29C26D90006934E9 /* NewsAppUITests */ = {
			isa = PBXNativeTarget;
			buildConfigurationList = EC54658D29C26D90006934E9 /* Build configuration list for PBXNativeTarget "NewsAppUITests" */;
			buildPhases = (
				EC54657929C26D90006934E9 /* Sources */,
				EC54657A29C26D90006934E9 /* Frameworks */,
				EC54657B29C26D90006934E9 /* Resources */,
			);
			buildRules = (
			);
			dependencies = (
				EC54657F29C26D90006934E9 /* PBXTargetDependency */,
			);
			name = NewsAppUITests;
			productName = NewsAppUITests;
			productReference = EC54657D29C26D90006934E9 /* NewsAppUITests.xctest */;
			productType = "com.apple.product-type.bundle.ui-testing";
		};
/* End PBXNativeTarget section */

/* Begin PBXProject section */
		EC54655529C26D8E006934E9 /* Project object */ = {
			isa = PBXProject;
			attributes = {
				BuildIndependentTargetsInParallel = 1;
				LastSwiftUpdateCheck = 1420;
				LastUpgradeCheck = 1420;
				TargetAttributes = {
					EC54655C29C26D8E006934E9 = {
						CreatedOnToolsVersion = 14.2;
					};
					EC54657229C26D90006934E9 = {
						CreatedOnToolsVersion = 14.2;
						TestTargetID = EC54655C29C26D8E006934E9;
					};
					EC54657C29C26D90006934E9 = {
						CreatedOnToolsVersion = 14.2;
						TestTargetID = EC54655C29C26D8E006934E9;
					};
				};
			};
			buildConfigurationList = EC54655829C26D8E006934E9 /* Build configuration list for PBXProject "NewsApp" */;
			compatibilityVersion = "Xcode 14.0";
			developmentRegion = en;
			hasScannedForEncodings = 0;
			knownRegions = (
				en,
				Base,
			);
			mainGroup = EC54655429C26D8E006934E9;
			packageReferences = (
				EC5465C129C278BB006934E9 /* XCRemoteSwiftPackageReference "Alamofire" */,
				EC629D2029C3C41000C35C62 /* XCRemoteSwiftPackageReference "Nuke" */,
			);
			productRefGroup = EC54655E29C26D8E006934E9 /* Products */;
			projectDirPath = "";
			projectRoot = "";
			targets = (
				EC54655C29C26D8E006934E9 /* NewsApp */,
				EC54657229C26D90006934E9 /* NewsAppTests */,
				EC54657C29C26D90006934E9 /* NewsAppUITests */,
			);
		};
/* End PBXProject section */

/* Begin PBXResourcesBuildPhase section */
		EC54655B29C26D8E006934E9 /* Resources */ = {
			isa = PBXResourcesBuildPhase;
			buildActionMask = 2147483647;
			files = (
				EC54656D29C26D90006934E9 /* LaunchScreen.storyboard in Resources */,
				EC54656A29C26D90006934E9 /* Assets.xcassets in Resources */,
			);
			runOnlyForDeploymentPostprocessing = 0;
		};
		EC54657129C26D90006934E9 /* Resources */ = {
			isa = PBXResourcesBuildPhase;
			buildActionMask = 2147483647;
			files = (
			);
			runOnlyForDeploymentPostprocessing = 0;
		};
		EC54657B29C26D90006934E9 /* Resources */ = {
			isa = PBXResourcesBuildPhase;
			buildActionMask = 2147483647;
			files = (
			);
			runOnlyForDeploymentPostprocessing = 0;
		};
/* End PBXResourcesBuildPhase section */

/* Begin PBXSourcesBuildPhase section */
		EC54655929C26D8E006934E9 /* Sources */ = {
			isa = PBXSourcesBuildPhase;
			buildActionMask = 2147483647;
			files = (
				EC629D2629C3C46900C35C62 /* UIImageView+Extension.swift in Sources */,
				EC629D1F29C3826F00C35C62 /* NewsModel.swift in Sources */,
				EC5465BE29C27849006934E9 /* RepositoryAPI.swift in Sources */,
				EC5465A129C2708C006934E9 /* AppConfiguration.swift in Sources */,
				EC629D2929C3E77A00C35C62 /* NewDetailViewController.swift in Sources */,
				EC5465B129C27549006934E9 /* NewsListViewModel.swift in Sources */,
				EC5465C029C27849006934E9 /* BaseApi.swift in Sources */,
				EC5465BF29C27849006934E9 /* TargetType.swift in Sources */,
				EC629D3029C4022C00C35C62 /* UIViewController+Extension.swift in Sources */,
				EC5465BD29C27849006934E9 /* RepositoryNetwork.swift in Sources */,
				EC5465B329C2758E006934E9 /* NewsListViewController.swift in Sources */,
				EC5465CB29C27A9B006934E9 /* CoordinatorProtocol.swift in Sources */,
				EC629D2E29C3ECA500C35C62 /* NewDetailProtocols.swift in Sources */,
				EC629D3329C53AAE00C35C62 /* LoadingView.swift in Sources */,
				EC629D2B29C3E86100C35C62 /* NewDetailViewModel.swift in Sources */,
				EC03C0DA29C5C1A00037D277 /* Alertable.swift in Sources */,
				EC5465C829C27A5D006934E9 /* Coordinator.swift in Sources */,
				EC629D1B29C3813000C35C62 /* NewListTableViewCell.swift in Sources */,
				EC5465C629C279AC006934E9 /* NewsListProtocols.swift in Sources */,
				EC54656129C26D8E006934E9 /* AppDelegate.swift in Sources */,
				EC5465B529C27671006934E9 /* NewsListUseCase.swift in Sources */,
			);
			runOnlyForDeploymentPostprocessing = 0;
		};
		EC54656F29C26D90006934E9 /* Sources */ = {
			isa = PBXSourcesBuildPhase;
			buildActionMask = 2147483647;
			files = (
				EC03C0D829C5BA730037D277 /* NewsListUseCaseMock.swift in Sources */,
				EC54657829C26D90006934E9 /* NewsAppTests.swift in Sources */,
				EC03C0D629C5BA370037D277 /* NewsListViewModelTest.swift in Sources */,
			);
			runOnlyForDeploymentPostprocessing = 0;
		};
		EC54657929C26D90006934E9 /* Sources */ = {
			isa = PBXSourcesBuildPhase;
			buildActionMask = 2147483647;
			files = (
				EC54658229C26D90006934E9 /* NewsAppUITests.swift in Sources */,
				EC54658429C26D90006934E9 /* NewsAppUITestsLaunchTests.swift in Sources */,
			);
			runOnlyForDeploymentPostprocessing = 0;
		};
/* End PBXSourcesBuildPhase section */

/* Begin PBXTargetDependency section */
		EC54657529C26D90006934E9 /* PBXTargetDependency */ = {
			isa = PBXTargetDependency;
			target = EC54655C29C26D8E006934E9 /* NewsApp */;
			targetProxy = EC54657429C26D90006934E9 /* PBXContainerItemProxy */;
		};
		EC54657F29C26D90006934E9 /* PBXTargetDependency */ = {
			isa = PBXTargetDependency;
			target = EC54655C29C26D8E006934E9 /* NewsApp */;
			targetProxy = EC54657E29C26D90006934E9 /* PBXContainerItemProxy */;
		};
/* End PBXTargetDependency section */

/* Begin PBXVariantGroup section */
		EC54656B29C26D90006934E9 /* LaunchScreen.storyboard */ = {
			isa = PBXVariantGroup;
			children = (
				EC54656C29C26D90006934E9 /* Base */,
			);
			name = LaunchScreen.storyboard;
			sourceTree = "<group>";
		};
/* End PBXVariantGroup section */

/* Begin XCBuildConfiguration section */
		EC54658529C26D90006934E9 /* Debug */ = {
			isa = XCBuildConfiguration;
			buildSettings = {
				ALWAYS_SEARCH_USER_PATHS = NO;
				CLANG_ANALYZER_NONNULL = YES;
				CLANG_ANALYZER_NUMBER_OBJECT_CONVERSION = YES_AGGRESSIVE;
				CLANG_CXX_LANGUAGE_STANDARD = "gnu++20";
				CLANG_ENABLE_MODULES = YES;
				CLANG_ENABLE_OBJC_ARC = YES;
				CLANG_ENABLE_OBJC_WEAK = YES;
				CLANG_WARN_BLOCK_CAPTURE_AUTORELEASING = YES;
				CLANG_WARN_BOOL_CONVERSION = YES;
				CLANG_WARN_COMMA = YES;
				CLANG_WARN_CONSTANT_CONVERSION = YES;
				CLANG_WARN_DEPRECATED_OBJC_IMPLEMENTATIONS = YES;
				CLANG_WARN_DIRECT_OBJC_ISA_USAGE = YES_ERROR;
				CLANG_WARN_DOCUMENTATION_COMMENTS = YES;
				CLANG_WARN_EMPTY_BODY = YES;
				CLANG_WARN_ENUM_CONVERSION = YES;
				CLANG_WARN_INFINITE_RECURSION = YES;
				CLANG_WARN_INT_CONVERSION = YES;
				CLANG_WARN_NON_LITERAL_NULL_CONVERSION = YES;
				CLANG_WARN_OBJC_IMPLICIT_RETAIN_SELF = YES;
				CLANG_WARN_OBJC_LITERAL_CONVERSION = YES;
				CLANG_WARN_OBJC_ROOT_CLASS = YES_ERROR;
				CLANG_WARN_QUOTED_INCLUDE_IN_FRAMEWORK_HEADER = YES;
				CLANG_WARN_RANGE_LOOP_ANALYSIS = YES;
				CLANG_WARN_STRICT_PROTOTYPES = YES;
				CLANG_WARN_SUSPICIOUS_MOVE = YES;
				CLANG_WARN_UNGUARDED_AVAILABILITY = YES_AGGRESSIVE;
				CLANG_WARN_UNREACHABLE_CODE = YES;
				CLANG_WARN__DUPLICATE_METHOD_MATCH = YES;
				COPY_PHASE_STRIP = NO;
				DEBUG_INFORMATION_FORMAT = dwarf;
				ENABLE_STRICT_OBJC_MSGSEND = YES;
				ENABLE_TESTABILITY = YES;
				GCC_C_LANGUAGE_STANDARD = gnu11;
				GCC_DYNAMIC_NO_PIC = NO;
				GCC_NO_COMMON_BLOCKS = YES;
				GCC_OPTIMIZATION_LEVEL = 0;
				GCC_PREPROCESSOR_DEFINITIONS = (
					"DEBUG=1",
					"$(inherited)",
				);
				GCC_WARN_64_TO_32_BIT_CONVERSION = YES;
				GCC_WARN_ABOUT_RETURN_TYPE = YES_ERROR;
				GCC_WARN_UNDECLARED_SELECTOR = YES;
				GCC_WARN_UNINITIALIZED_AUTOS = YES_AGGRESSIVE;
				GCC_WARN_UNUSED_FUNCTION = YES;
				GCC_WARN_UNUSED_VARIABLE = YES;
				IPHONEOS_DEPLOYMENT_TARGET = 16.2;
				MTL_ENABLE_DEBUG_INFO = INCLUDE_SOURCE;
				MTL_FAST_MATH = YES;
				ONLY_ACTIVE_ARCH = YES;
				SDKROOT = iphoneos;
				SWIFT_ACTIVE_COMPILATION_CONDITIONS = DEBUG;
				SWIFT_OPTIMIZATION_LEVEL = "-Onone";
			};
			name = Debug;
		};
		EC54658629C26D90006934E9 /* Release */ = {
			isa = XCBuildConfiguration;
			buildSettings = {
				ALWAYS_SEARCH_USER_PATHS = NO;
				CLANG_ANALYZER_NONNULL = YES;
				CLANG_ANALYZER_NUMBER_OBJECT_CONVERSION = YES_AGGRESSIVE;
				CLANG_CXX_LANGUAGE_STANDARD = "gnu++20";
				CLANG_ENABLE_MODULES = YES;
				CLANG_ENABLE_OBJC_ARC = YES;
				CLANG_ENABLE_OBJC_WEAK = YES;
				CLANG_WARN_BLOCK_CAPTURE_AUTORELEASING = YES;
				CLANG_WARN_BOOL_CONVERSION = YES;
				CLANG_WARN_COMMA = YES;
				CLANG_WARN_CONSTANT_CONVERSION = YES;
				CLANG_WARN_DEPRECATED_OBJC_IMPLEMENTATIONS = YES;
				CLANG_WARN_DIRECT_OBJC_ISA_USAGE = YES_ERROR;
				CLANG_WARN_DOCUMENTATION_COMMENTS = YES;
				CLANG_WARN_EMPTY_BODY = YES;
				CLANG_WARN_ENUM_CONVERSION = YES;
				CLANG_WARN_INFINITE_RECURSION = YES;
				CLANG_WARN_INT_CONVERSION = YES;
				CLANG_WARN_NON_LITERAL_NULL_CONVERSION = YES;
				CLANG_WARN_OBJC_IMPLICIT_RETAIN_SELF = YES;
				CLANG_WARN_OBJC_LITERAL_CONVERSION = YES;
				CLANG_WARN_OBJC_ROOT_CLASS = YES_ERROR;
				CLANG_WARN_QUOTED_INCLUDE_IN_FRAMEWORK_HEADER = YES;
				CLANG_WARN_RANGE_LOOP_ANALYSIS = YES;
				CLANG_WARN_STRICT_PROTOTYPES = YES;
				CLANG_WARN_SUSPICIOUS_MOVE = YES;
				CLANG_WARN_UNGUARDED_AVAILABILITY = YES_AGGRESSIVE;
				CLANG_WARN_UNREACHABLE_CODE = YES;
				CLANG_WARN__DUPLICATE_METHOD_MATCH = YES;
				COPY_PHASE_STRIP = NO;
				DEBUG_INFORMATION_FORMAT = "dwarf-with-dsym";
				ENABLE_NS_ASSERTIONS = NO;
				ENABLE_STRICT_OBJC_MSGSEND = YES;
				GCC_C_LANGUAGE_STANDARD = gnu11;
				GCC_NO_COMMON_BLOCKS = YES;
				GCC_WARN_64_TO_32_BIT_CONVERSION = YES;
				GCC_WARN_ABOUT_RETURN_TYPE = YES_ERROR;
				GCC_WARN_UNDECLARED_SELECTOR = YES;
				GCC_WARN_UNINITIALIZED_AUTOS = YES_AGGRESSIVE;
				GCC_WARN_UNUSED_FUNCTION = YES;
				GCC_WARN_UNUSED_VARIABLE = YES;
				IPHONEOS_DEPLOYMENT_TARGET = 16.2;
				MTL_ENABLE_DEBUG_INFO = NO;
				MTL_FAST_MATH = YES;
				SDKROOT = iphoneos;
				SWIFT_COMPILATION_MODE = wholemodule;
				SWIFT_OPTIMIZATION_LEVEL = "-O";
				VALIDATE_PRODUCT = YES;
			};
			name = Release;
		};
		EC54658829C26D90006934E9 /* Debug */ = {
			isa = XCBuildConfiguration;
			buildSettings = {
				ASSETCATALOG_COMPILER_APPICON_NAME = AppIcon;
				ASSETCATALOG_COMPILER_GLOBAL_ACCENT_COLOR_NAME = AccentColor;
				CODE_SIGN_STYLE = Automatic;
				CURRENT_PROJECT_VERSION = 1;
				DEVELOPMENT_TEAM = 6PTSGN23VN;
				GENERATE_INFOPLIST_FILE = YES;
				INFOPLIST_FILE = NewsApp/Common/Info.plist;
				INFOPLIST_KEY_UIApplicationSupportsIndirectInputEvents = YES;
				INFOPLIST_KEY_UILaunchStoryboardName = LaunchScreen;
				INFOPLIST_KEY_UIMainStoryboardFile = "";
				INFOPLIST_KEY_UISupportedInterfaceOrientations = "UIInterfaceOrientationLandscapeLeft UIInterfaceOrientationLandscapeRight UIInterfaceOrientationPortrait";
				INFOPLIST_KEY_UISupportedInterfaceOrientations_iPad = "UIInterfaceOrientationLandscapeLeft UIInterfaceOrientationLandscapeRight UIInterfaceOrientationPortrait UIInterfaceOrientationPortraitUpsideDown";
				LD_RUNPATH_SEARCH_PATHS = (
					"$(inherited)",
					"@executable_path/Frameworks",
				);
				MARKETING_VERSION = 1.0;
				PRODUCT_BUNDLE_IDENTIFIER = unicorniodeoro.NewsApp;
				PRODUCT_NAME = "$(TARGET_NAME)";
				SUPPORTED_PLATFORMS = "iphoneos iphonesimulator";
				SUPPORTS_MACCATALYST = NO;
				SUPPORTS_MAC_DESIGNED_FOR_IPHONE_IPAD = NO;
				SWIFT_EMIT_LOC_STRINGS = YES;
				SWIFT_VERSION = 5.0;
				TARGETED_DEVICE_FAMILY = 1;
			};
			name = Debug;
		};
		EC54658929C26D90006934E9 /* Release */ = {
			isa = XCBuildConfiguration;
			buildSettings = {
				ASSETCATALOG_COMPILER_APPICON_NAME = AppIcon;
				ASSETCATALOG_COMPILER_GLOBAL_ACCENT_COLOR_NAME = AccentColor;
				CODE_SIGN_STYLE = Automatic;
				CURRENT_PROJECT_VERSION = 1;
				DEVELOPMENT_TEAM = 6PTSGN23VN;
				GENERATE_INFOPLIST_FILE = YES;
				INFOPLIST_FILE = NewsApp/Common/Info.plist;
				INFOPLIST_KEY_UIApplicationSupportsIndirectInputEvents = YES;
				INFOPLIST_KEY_UILaunchStoryboardName = LaunchScreen;
				INFOPLIST_KEY_UIMainStoryboardFile = "";
				INFOPLIST_KEY_UISupportedInterfaceOrientations = "UIInterfaceOrientationLandscapeLeft UIInterfaceOrientationLandscapeRight UIInterfaceOrientationPortrait";
				INFOPLIST_KEY_UISupportedInterfaceOrientations_iPad = "UIInterfaceOrientationLandscapeLeft UIInterfaceOrientationLandscapeRight UIInterfaceOrientationPortrait UIInterfaceOrientationPortraitUpsideDown";
				LD_RUNPATH_SEARCH_PATHS = (
					"$(inherited)",
					"@executable_path/Frameworks",
				);
				MARKETING_VERSION = 1.0;
				PRODUCT_BUNDLE_IDENTIFIER = unicorniodeoro.NewsApp;
				PRODUCT_NAME = "$(TARGET_NAME)";
				SUPPORTED_PLATFORMS = "iphoneos iphonesimulator";
				SUPPORTS_MACCATALYST = NO;
				SUPPORTS_MAC_DESIGNED_FOR_IPHONE_IPAD = NO;
				SWIFT_EMIT_LOC_STRINGS = YES;
				SWIFT_VERSION = 5.0;
				TARGETED_DEVICE_FAMILY = 1;
			};
			name = Release;
		};
		EC54658B29C26D90006934E9 /* Debug */ = {
			isa = XCBuildConfiguration;
			buildSettings = {
				ALWAYS_EMBED_SWIFT_STANDARD_LIBRARIES = YES;
				BUNDLE_LOADER = "$(TEST_HOST)";
				CODE_SIGN_STYLE = Automatic;
				CURRENT_PROJECT_VERSION = 1;
				DEVELOPMENT_TEAM = 6PTSGN23VN;
				GENERATE_INFOPLIST_FILE = YES;
				IPHONEOS_DEPLOYMENT_TARGET = 16.2;
				MARKETING_VERSION = 1.0;
				PRODUCT_BUNDLE_IDENTIFIER = unicorniodeoro.NewsAppTests;
				PRODUCT_NAME = "$(TARGET_NAME)";
				SWIFT_EMIT_LOC_STRINGS = NO;
				SWIFT_VERSION = 5.0;
				TARGETED_DEVICE_FAMILY = "1,2";
				TEST_HOST = "$(BUILT_PRODUCTS_DIR)/NewsApp.app/$(BUNDLE_EXECUTABLE_FOLDER_PATH)/NewsApp";
			};
			name = Debug;
		};
		EC54658C29C26D90006934E9 /* Release */ = {
			isa = XCBuildConfiguration;
			buildSettings = {
				ALWAYS_EMBED_SWIFT_STANDARD_LIBRARIES = YES;
				BUNDLE_LOADER = "$(TEST_HOST)";
				CODE_SIGN_STYLE = Automatic;
				CURRENT_PROJECT_VERSION = 1;
				DEVELOPMENT_TEAM = 6PTSGN23VN;
				GENERATE_INFOPLIST_FILE = YES;
				IPHONEOS_DEPLOYMENT_TARGET = 16.2;
				MARKETING_VERSION = 1.0;
				PRODUCT_BUNDLE_IDENTIFIER = unicorniodeoro.NewsAppTests;
				PRODUCT_NAME = "$(TARGET_NAME)";
				SWIFT_EMIT_LOC_STRINGS = NO;
				SWIFT_VERSION = 5.0;
				TARGETED_DEVICE_FAMILY = "1,2";
				TEST_HOST = "$(BUILT_PRODUCTS_DIR)/NewsApp.app/$(BUNDLE_EXECUTABLE_FOLDER_PATH)/NewsApp";
			};
			name = Release;
		};
		EC54658E29C26D90006934E9 /* Debug */ = {
			isa = XCBuildConfiguration;
			buildSettings = {
				ALWAYS_EMBED_SWIFT_STANDARD_LIBRARIES = YES;
				CODE_SIGN_STYLE = Automatic;
				CURRENT_PROJECT_VERSION = 1;
				DEVELOPMENT_TEAM = 6PTSGN23VN;
				GENERATE_INFOPLIST_FILE = YES;
				MARKETING_VERSION = 1.0;
				PRODUCT_BUNDLE_IDENTIFIER = unicorniodeoro.NewsAppUITests;
				PRODUCT_NAME = "$(TARGET_NAME)";
				SWIFT_EMIT_LOC_STRINGS = NO;
				SWIFT_VERSION = 5.0;
				TARGETED_DEVICE_FAMILY = "1,2";
				TEST_TARGET_NAME = NewsApp;
			};
			name = Debug;
		};
		EC54658F29C26D90006934E9 /* Release */ = {
			isa = XCBuildConfiguration;
			buildSettings = {
				ALWAYS_EMBED_SWIFT_STANDARD_LIBRARIES = YES;
				CODE_SIGN_STYLE = Automatic;
				CURRENT_PROJECT_VERSION = 1;
				DEVELOPMENT_TEAM = 6PTSGN23VN;
				GENERATE_INFOPLIST_FILE = YES;
				MARKETING_VERSION = 1.0;
				PRODUCT_BUNDLE_IDENTIFIER = unicorniodeoro.NewsAppUITests;
				PRODUCT_NAME = "$(TARGET_NAME)";
				SWIFT_EMIT_LOC_STRINGS = NO;
				SWIFT_VERSION = 5.0;
				TARGETED_DEVICE_FAMILY = "1,2";
				TEST_TARGET_NAME = NewsApp;
			};
			name = Release;
		};
/* End XCBuildConfiguration section */

/* Begin XCConfigurationList section */
		EC54655829C26D8E006934E9 /* Build configuration list for PBXProject "NewsApp" */ = {
			isa = XCConfigurationList;
			buildConfigurations = (
				EC54658529C26D90006934E9 /* Debug */,
				EC54658629C26D90006934E9 /* Release */,
			);
			defaultConfigurationIsVisible = 0;
			defaultConfigurationName = Release;
		};
		EC54658729C26D90006934E9 /* Build configuration list for PBXNativeTarget "NewsApp" */ = {
			isa = XCConfigurationList;
			buildConfigurations = (
				EC54658829C26D90006934E9 /* Debug */,
				EC54658929C26D90006934E9 /* Release */,
			);
			defaultConfigurationIsVisible = 0;
			defaultConfigurationName = Release;
		};
		EC54658A29C26D90006934E9 /* Build configuration list for PBXNativeTarget "NewsAppTests" */ = {
			isa = XCConfigurationList;
			buildConfigurations = (
				EC54658B29C26D90006934E9 /* Debug */,
				EC54658C29C26D90006934E9 /* Release */,
			);
			defaultConfigurationIsVisible = 0;
			defaultConfigurationName = Release;
		};
		EC54658D29C26D90006934E9 /* Build configuration list for PBXNativeTarget "NewsAppUITests" */ = {
			isa = XCConfigurationList;
			buildConfigurations = (
				EC54658E29C26D90006934E9 /* Debug */,
				EC54658F29C26D90006934E9 /* Release */,
			);
			defaultConfigurationIsVisible = 0;
			defaultConfigurationName = Release;
		};
/* End XCConfigurationList section */

/* Begin XCRemoteSwiftPackageReference section */
		EC5465C129C278BB006934E9 /* XCRemoteSwiftPackageReference "Alamofire" */ = {
			isa = XCRemoteSwiftPackageReference;
			repositoryURL = "https://github.com/Alamofire/Alamofire";
			requirement = {
				kind = upToNextMajorVersion;
				minimumVersion = 5.0.0;
			};
		};
		EC629D2029C3C41000C35C62 /* XCRemoteSwiftPackageReference "Nuke" */ = {
			isa = XCRemoteSwiftPackageReference;
			repositoryURL = "https://github.com/kean/Nuke.git";
			requirement = {
				kind = upToNextMajorVersion;
				minimumVersion = 9.0.0;
			};
		};
/* End XCRemoteSwiftPackageReference section */

/* Begin XCSwiftPackageProductDependency section */
		EC5465C229C278BB006934E9 /* Alamofire */ = {
			isa = XCSwiftPackageProductDependency;
			package = EC5465C129C278BB006934E9 /* XCRemoteSwiftPackageReference "Alamofire" */;
			productName = Alamofire;
		};
		EC629D2129C3C41000C35C62 /* Nuke */ = {
			isa = XCSwiftPackageProductDependency;
			package = EC629D2029C3C41000C35C62 /* XCRemoteSwiftPackageReference "Nuke" */;
			productName = Nuke;
		};
/* End XCSwiftPackageProductDependency section */
	};
	rootObject = EC54655529C26D8E006934E9 /* Project object */;
}
